Microsoft Visual Studio Solution File, Format Version 12.00
# Visual Studio Version 17
VisualStudioVersion = 17.5.2.0
MinimumVisualStudioVersion = 10.0.40219.1
Project("{FAE04EC0-301F-11D3-BF4B-00C04F79EFBC}") = "urlshortenerbackend", "urlshortenerbackend.csproj", "{03F54B18-3D0B-7182-370F-59102BD7BDBE}"
EndProject
Global
	GlobalSection(SolutionConfigurationPlatforms) = preSolution
		Debug|Any CPU = Debug|Any CPU
		Release|Any CPU = Release|Any CPU
	EndGlobalSection
	GlobalSection(ProjectConfigurationPlatforms) = postSolution
		{03F54B18-3D0B-7182-370F-59102BD7BDBE}.Debug|Any CPU.ActiveCfg = Debug|Any CPU
		{03F54B18-3D0B-7182-370F-59102BD7BDBE}.Debug|Any CPU.Build.0 = Debug|Any CPU
		{03F54B18-3D0B-7182-370F-59102BD7BDBE}.Release|Any CPU.ActiveCfg = Release|Any CPU
		{03F54B18-3D0B-7182-370F-59102BD7BDBE}.Release|Any CPU.Build.0 = Release|Any CPU
	EndGlobalSection
	GlobalSection(SolutionProperties) = preSolution
		HideSolutionNode = FALSE
	EndGlobalSection
	GlobalSection(ExtensibilityGlobals) = postSolution
		SolutionGuid = {90DCF944-9429-4D50-AA0E-0FDFADDBB83F}
	EndGlobalSection
EndGlobal
